
Microsoft Visual Studio Solution File, Format Version 12.00
# Visual Studio Version 17
VisualStudioVersion = 17.5.33530.505
MinimumVisualStudioVersion = 10.0.40219.1
Project("{9A19103F-16F7-4668-BE54-9A1E7A4F7556}") = "MyBGList", "MyBGList\MyBGList.csproj", "{24205CB3-7ADA-4034-9780-48C538DB48B1}"
EndProject
Global
	GlobalSection(SolutionConfigurationPlatforms) = preSolution
		Debug|Any CPU = Debug|Any CPU
		Release|Any CPU = Release|Any CPU
	EndGlobalSection
	GlobalSection(ProjectConfigurationPlatforms) = postSolution
		{24205CB3-7ADA-4034-9780-48C538DB48B1}.Debug|Any CPU.ActiveCfg = Debug|Any CPU
		{24205CB3-7ADA-4034-9780-48C538DB48B1}.Debug|Any CPU.Build.0 = Debug|Any CPU
		{24205CB3-7ADA-4034-9780-48C538DB48B1}.Release|Any CPU.ActiveCfg = Release|Any CPU
		{24205CB3-7ADA-4034-9780-48C538DB48B1}.Release|Any CPU.Build.0 = Release|Any CPU
	EndGlobalSection
	GlobalSection(SolutionProperties) = preSolution
		HideSolutionNode = FALSE
	EndGlobalSection
	GlobalSection(ExtensibilityGlobals) = postSolution
		SolutionGuid = {C83B2362-AC30-4568-9750-B4E2897948F4}
	EndGlobalSection
EndGlobal
